
Microsoft Visual Studio Solution File, Format Version 12.00
# Visual Studio Version 17
VisualStudioVersion = 17.7.34202.233
MinimumVisualStudioVersion = 10.0.40219.1
Project("{FAE04EC0-301F-11D3-BF4B-00C04F79EFBC}") = "Damas", "Damas.csproj", "{D72AF6F7-EA92-4DFB-B586-9B4BCCD4BA42}"
EndProject
Global
	GlobalSection(SolutionConfigurationPlatforms) = preSolution
		Debug|Any CPU = Debug|Any CPU
		Release|Any CPU = Release|Any CPU
	EndGlobalSection
	GlobalSection(ProjectConfigurationPlatforms) = postSolution
		{D72AF6F7-EA92-4DFB-B586-9B4BCCD4BA42}.Debug|Any CPU.ActiveCfg = Debug|Any CPU
		{D72AF6F7-EA92-4DFB-B586-9B4BCCD4BA42}.Debug|Any CPU.Build.0 = Debug|Any CPU
		{D72AF6F7-EA92-4DFB-B586-9B4BCCD4BA42}.Release|Any CPU.ActiveCfg = Release|Any CPU
		{D72AF6F7-EA92-4DFB-B586-9B4BCCD4BA42}.Release|Any CPU.Build.0 = Release|Any CPU
	EndGlobalSection
	GlobalSection(SolutionProperties) = preSolution
		HideSolutionNode = FALSE
	EndGlobalSection
	GlobalSection(ExtensibilityGlobals) = postSolution
		SolutionGuid = {C92CB1DF-DC81-4B28-9BE1-E155DE58F109}
	EndGlobalSection
EndGlobal
